Microsoft Visual Studio Solution File, Format Version 12.00
# Visual Studio Version 17
VisualStudioVersion = 17.5.2.0
MinimumVisualStudioVersion = 10.0.40219.1
Project("{2150E333-8FDC-42A3-9474-1A3956D46DE8}") = "BlockchainDiemAPI", "BlockchainDiemAPI", "{20906ABC-9ACC-6EE1-3D3E-F82D06B3F8D5}"
EndProject
Project("{FAE04EC0-301F-11D3-BF4B-00C04F79EFBC}") = "BlockchainDiemAPI", "BlockchainDiemAPI\BlockchainDiemAPI\BlockchainDiemAPI.csproj", "{7B597D22-5D02-9CD8-3606-908F19F0A861}"
EndProject
Global
	GlobalSection(SolutionConfigurationPlatforms) = preSolution
		Debug|Any CPU = Debug|Any CPU
		Release|Any CPU = Release|Any CPU
	EndGlobalSection
	GlobalSection(ProjectConfigurationPlatforms) = postSolution
		{7B597D22-5D02-9CD8-3606-908F19F0A861}.Debug|Any CPU.ActiveCfg = Debug|Any CPU
		{7B597D22-5D02-9CD8-3606-908F19F0A861}.Debug|Any CPU.Build.0 = Debug|Any CPU
		{7B597D22-5D02-9CD8-3606-908F19F0A861}.Release|Any CPU.ActiveCfg = Release|Any CPU
		{7B597D22-5D02-9CD8-3606-908F19F0A861}.Release|Any CPU.Build.0 = Release|Any CPU
	EndGlobalSection
	GlobalSection(SolutionProperties) = preSolution
		HideSolutionNode = FALSE
	EndGlobalSection
	GlobalSection(NestedProjects) = preSolution
		{7B597D22-5D02-9CD8-3606-908F19F0A861} = {20906ABC-9ACC-6EE1-3D3E-F82D06B3F8D5}
	EndGlobalSection
	GlobalSection(ExtensibilityGlobals) = postSolution
		SolutionGuid = {F0698236-2B3D-4E04-8FBC-B17477733C39}
	EndGlobalSection
EndGlobal
